// !$*UTF8*$!
{
	archiveVersion = 1;
	classes = {
	};
	objectVersion = 50;
	objects = {

/* Begin PBXBuildFile section */
		E33BB3A123EC70A500B06AA4 /* AppDelegate.m in Sources */ = {isa = PBXBuildFile; fileRef = E33BB3A023EC70A500B06AA4 /* AppDelegate.m */; };
		E33BB3A423EC70A500B06AA4 /* SceneDelegate.m in Sources */ = {isa = PBXBuildFile; fileRef = E33BB3A323EC70A500B06AA4 /* SceneDelegate.m */; };
		E33BB3AA23EC70A500B06AA4 /* Main.storyboard in Resources */ = {isa = PBXBuildFile; fileRef = E33BB3A823EC70A500B06AA4 /* Main.storyboard */; };
		E33BB3AC23EC70A600B06AA4 /* Assets.xcassets in Resources */ = {isa = PBXBuildFile; fileRef = E33BB3AB23EC70A600B06AA4 /* Assets.xcassets */; };
		E33BB3AF23EC70A600B06AA4 /* LaunchScreen.storyboard in Resources */ = {isa = PBXBuildFile; fileRef = E33BB3AD23EC70A600B06AA4 /* LaunchScreen.storyboard */; };
		E33BB3B223EC70A600B06AA4 /* main.m in Sources */ = {isa = PBXBuildFile; fileRef = E33BB3B123EC70A600B06AA4 /* main.m */; };
		E33BB3BB23ECB5C800B06AA4 /* VVSStack.m in Sources */ = {isa = PBXBuildFile; fileRef = E33BB3BA23ECB5C800B06AA4 /* VVSStack.m */; };
		E33BB3BE23ED087E00B06AA4 /* VVSCalculator.m in Sources */ = {isa = PBXBuildFile; fileRef = E33BB3BD23ED087E00B06AA4 /* VVSCalculator.m */; };
/* End PBXBuildFile section */

/* Begin PBXFileReference section */
		E33BB39C23EC70A500B06AA4 /* RPN Calculator.app */ = {isa = PBXFileReference; explicitFileType = wrapper.application; includeInIndex = 0; path = "RPN Calculator.app"; sourceTree = BUILT_PRODUCTS_DIR; };
		E33BB39F23EC70A500B06AA4 /* AppDelegate.h */ = {isa = PBXFileReference; lastKnownFileType = sourcecode.c.h; path = AppDelegate.h; sourceTree = "<group>"; };
		E33BB3A023EC70A500B06AA4 /* AppDelegate.m */ = {isa = PBXFileReference; lastKnownFileType = sourcecode.c.objc; path = AppDelegate.m; sourceTree = "<group>"; };
		E33BB3A223EC70A500B06AA4 /* SceneDelegate.h */ = {isa = PBXFileReference; lastKnownFileType = sourcecode.c.h; path = SceneDelegate.h; sourceTree = "<group>"; };
		E33BB3A323EC70A500B06AA4 /* SceneDelegate.m */ = {isa = PBXFileReference; lastKnownFileType = sourcecode.c.objc; path = SceneDelegate.m; sourceTree = "<group>"; };
		E33BB3A923EC70A500B06AA4 /* Base */ = {isa = PBXFileReference; lastKnownFileType = file.storyboard; name = Base; path = Base.lproj/Main.storyboard; sourceTree = "<group>"; };
		E33BB3AB23EC70A600B06AA4 /* Assets.xcassets */ = {isa = PBXFileReference; lastKnownFileType = folder.assetcatalog; path = Assets.xcassets; sourceTree = "<group>"; };
		E33BB3AE23EC70A600B06AA4 /* Base */ = {isa = PBXFileReference; lastKnownFileType = file.storyboard; name = Base; path = Base.lproj/LaunchScreen.storyboard; sourceTree = "<group>"; };
		E33BB3B023EC70A600B06AA4 /* Info.plist */ = {isa = PBXFileReference; lastKnownFileType = text.plist.xml; path = Info.plist; sourceTree = "<group>"; };
		E33BB3B123EC70A600B06AA4 /* main.m */ = {isa = PBXFileReference; lastKnownFileType = sourcecode.c.objc; path = main.m; sourceTree = "<group>"; };
		E33BB3B923ECB5C800B06AA4 /* VVSStack.h */ = {isa = PBXFileReference; lastKnownFileType = sourcecode.c.h; path = VVSStack.h; sourceTree = "<group>"; };
		E33BB3BA23ECB5C800B06AA4 /* VVSStack.m */ = {isa = PBXFileReference; lastKnownFileType = sourcecode.c.objc; path = VVSStack.m; sourceTree = "<group>"; };
		E33BB3BC23ED087E00B06AA4 /* VVSCalculator.h */ = {isa = PBXFileReference; lastKnownFileType = sourcecode.c.h; path = VVSCalculator.h; sourceTree = "<group>"; };
		E33BB3BD23ED087E00B06AA4 /* VVSCalculator.m */ = {isa = PBXFileReference; lastKnownFileType = sourcecode.c.objc; path = VVSCalculator.m; sourceTree = "<group>"; };
/* End PBXFileReference section */

/* Begin PBXFrameworksBuildPhase section */
		E33BB39923EC70A500B06AA4 /* Frameworks */ = {
			isa = PBXFrameworksBuildPhase;
			buildActionMask = 2147483647;
			files = (
			);
			runOnlyForDeploymentPostprocessing = 0;
		};
/* End PBXFrameworksBuildPhase section */

/* Begin PBXGroup section */
		E33BB39323EC70A500B06AA4 = {
			isa = PBXGroup;
			children = (
				E33BB39E23EC70A500B06AA4 /* RPN Calculator */,
				E33BB39D23EC70A500B06AA4 /* Products */,
			);
			sourceTree = "<group>";
		};
		E33BB39D23EC70A500B06AA4 /* Products */ = {
			isa = PBXGroup;
			children = (
				E33BB39C23EC70A500B06AA4 /* RPN Calculator.app */,
			);
			name = Products;
			sourceTree = "<group>";
		};
		E33BB39E23EC70A500B06AA4 /* RPN Calculator */ = {
			isa = PBXGroup;
			children = (
				E33BB3B923ECB5C800B06AA4 /* VVSStack.h */,
				E33BB3BA23ECB5C800B06AA4 /* VVSStack.m */,
				E33BB39F23EC70A500B06AA4 /* AppDelegate.h */,
				E33BB3A023EC70A500B06AA4 /* AppDelegate.m */,
				E33BB3A223EC70A500B06AA4 /* SceneDelegate.h */,
				E33BB3A323EC70A500B06AA4 /* SceneDelegate.m */,
				E33BB3A823EC70A500B06AA4 /* Main.storyboard */,
				E33BB3AB23EC70A600B06AA4 /* Assets.xcassets */,
				E33BB3AD23EC70A600B06AA4 /* LaunchScreen.storyboard */,
				E33BB3B023EC70A600B06AA4 /* Info.plist */,
				E33BB3B123EC70A600B06AA4 /* main.m */,
				E33BB3BC23ED087E00B06AA4 /* VVSCalculator.h */,
				E33BB3BD23ED087E00B06AA4 /* VVSCalculator.m */,
			);
			path = "RPN Calculator";
			sourceTree = "<group>";
		};
/* End PBXGroup section */

/* Begin PBXNativeTarget section */
		E33BB39B23EC70A500B06AA4 /* RPN Calculator */ = {
			isa = PBXNativeTarget;
			buildConfigurationList = E33BB3B523EC70A600B06AA4 /* Build configuration list for PBXNativeTarget "RPN Calculator" */;
			buildPhases = (
				E33BB39823EC70A500B06AA4 /* Sources */,
				E33BB39923EC70A500B06AA4 /* Frameworks */,
				E33BB39A23EC70A500B06AA4 /* Resources */,
			);
			buildRules = (
			);
			dependencies = (
			);
			name = "RPN Calculator";
			productName = "RPN Calculator";
			productReference = E33BB39C23EC70A500B06AA4 /* RPN Calculator.app */;
			productType = "com.apple.product-type.application";
		};
/* End PBXNativeTarget section */

/* Begin PBXProject section */
		E33BB39423EC70A500B06AA4 /* Project object */ = {
			isa = PBXProject;
			attributes = {
				CLASSPREFIX = VVS;
				LastUpgradeCheck = 1130;
				ORGANIZATIONNAME = "Vici Shaweddy";
				TargetAttributes = {
					E33BB39B23EC70A500B06AA4 = {
						CreatedOnToolsVersion = 11.3.1;
					};
				};
			};
			buildConfigurationList = E33BB39723EC70A500B06AA4 /* Build configuration list for PBXProject "RPN Calculator" */;
			compatibilityVersion = "Xcode 9.3";
			developmentRegion = en;
			hasScannedForEncodings = 0;
			knownRegions = (
				en,
				Base,
			);
			mainGroup = E33BB39323EC70A500B06AA4;
			productRefGroup = E33BB39D23EC70A500B06AA4 /* Products */;
			projectDirPath = "";
			projectRoot = "";
			targets = (
				E33BB39B23EC70A500B06AA4 /* RPN Calculator */,
			);
		};
/* End PBXProject section */

/* Begin PBXResourcesBuildPhase section */
		E33BB39A23EC70A500B06AA4 /* Resources */ = {
			isa = PBXResourcesBuildPhase;
			buildActionMask = 2147483647;
			files = (
				E33BB3AF23EC70A600B06AA4 /* LaunchScreen.storyboard in Resources */,
				E33BB3AC23EC70A600B06AA4 /* Assets.xcassets in Resources */,
				E33BB3AA23EC70A500B06AA4 /* Main.storyboard in Resources */,
			);
			runOnlyForDeploymentPostprocessing = 0;
		};
/* End PBXResourcesBuildPhase section */

/* Begin PBXSourcesBuildPhase section */
		E33BB39823EC70A500B06AA4 /* Sources */ = {
			isa = PBXSourcesBuildPhase;
			buildActionMask = 2147483647;
			files = (
				E33BB3BE23ED087E00B06AA4 /* VVSCalculator.m in Sources */,
				E33BB3A123EC70A500B06AA4 /* AppDelegate.m in Sources */,
				E33BB3B223EC70A600B06AA4 /* main.m in Sources */,
				E33BB3BB23ECB5C800B06AA4 /* VVSStack.m in Sources */,
				E33BB3A423EC70A500B06AA4 /* SceneDelegate.m in Sources */,
			);
			runOnlyForDeploymentPostprocessing = 0;
		};
/* End PBXSourcesBuildPhase section */

/* Begin PBXVariantGroup section */
		E33BB3A823EC70A500B06AA4 /* Main.storyboard */ = {
			isa = PBXVariantGroup;
			children = (
				E33BB3A923EC70A500B06AA4 /* Base */,
			);
			name = Main.storyboard;
			sourceTree = "<group>";
		};
		E33BB3AD23EC70A600B06AA4 /* LaunchScreen.storyboard */ = {
			isa = PBXVariantGroup;
			children = (
				E33BB3AE23EC70A600B06AA4 /* Base */,
			);
			name = LaunchScreen.storyboard;
			sourceTree = "<group>";
		};
/* End PBXVariantGroup section */

/* Begin XCBuildConfiguration section */
		E33BB3B323EC70A600B06AA4 /* Debug */ = {
			isa = XCBuildConfiguration;
			buildSettings = {
				ALWAYS_SEARCH_USER_PATHS = NO;
				CLANG_ANALYZER_NONNULL = YES;
				CLANG_ANALYZER_NUMBER_OBJECT_CONVERSION = YES_AGGRESSIVE;
				CLANG_CXX_LANGUAGE_STANDARD = "gnu++14";
				CLANG_CXX_LIBRARY = "libc++";
				CLANG_ENABLE_MODULES = YES;
				CLANG_ENABLE_OBJC_ARC = YES;
				CLANG_ENABLE_OBJC_WEAK = YES;
				CLANG_WARN_BLOCK_CAPTURE_AUTORELEASING = YES;
				CLANG_WARN_BOOL_CONVERSION = YES;
				CLANG_WARN_COMMA = YES;
				CLANG_WARN_CONSTANT_CONVERSION = YES;
				CLANG_WARN_DEPRECATED_OBJC_IMPLEMENTATIONS = YES;
				CLANG_WARN_DIRECT_OBJC_ISA_USAGE = YES_ERROR;
				CLANG_WARN_DOCUMENTATION_COMMENTS = YES;
				CLANG_WARN_EMPTY_BODY = YES;
				CLANG_WARN_ENUM_CONVERSION = YES;
				CLANG_WARN_INFINITE_RECURSION = YES;
				CLANG_WARN_INT_CONVERSION = YES;
				CLANG_WARN_NON_LITERAL_NULL_CONVERSION = YES;
				CLANG_WARN_OBJC_IMPLICIT_RETAIN_SELF = YES;
				CLANG_WARN_OBJC_LITERAL_CONVERSION = YES;
				CLANG_WARN_OBJC_ROOT_CLASS = YES_ERROR;
				CLANG_WARN_RANGE_LOOP_ANALYSIS = YES;
				CLANG_WARN_STRICT_PROTOTYPES = YES;
				CLANG_WARN_SUSPICIOUS_MOVE = YES;
				CLANG_WARN_UNGUARDED_AVAILABILITY = YES_AGGRESSIVE;
				CLANG_WARN_UNREACHABLE_CODE = YES;
				CLANG_WARN__DUPLICATE_METHOD_MATCH = YES;
				COPY_PHASE_STRIP = NO;
				DEBUG_INFORMATION_FORMAT = dwarf;
				ENABLE_STRICT_OBJC_MSGSEND = YES;
				ENABLE_TESTABILITY = YES;
				GCC_C_LANGUAGE_STANDARD = gnu11;
				GCC_DYNAMIC_NO_PIC = NO;
				GCC_NO_COMMON_BLOCKS = YES;
				GCC_OPTIMIZATION_LEVEL = 0;
				GCC_PREPROCESSOR_DEFINITIONS = (
					"DEBUG=1",
					"$(inherited)",
				);
				GCC_WARN_64_TO_32_BIT_CONVERSION = YES;
				GCC_WARN_ABOUT_RETURN_TYPE = YES_ERROR;
				GCC_WARN_UNDECLARED_SELECTOR = YES;
				GCC_WARN_UNINITIALIZED_AUTOS = YES_AGGRESSIVE;
				GCC_WARN_UNUSED_FUNCTION = YES;
				GCC_WARN_UNUSED_VARIABLE = YES;
				IPHONEOS_DEPLOYMENT_TARGET = 13.2;
				MTL_ENABLE_DEBUG_INFO = INCLUDE_SOURCE;
				MTL_FAST_MATH = YES;
				ONLY_ACTIVE_ARCH = YES;
				SDKROOT = iphoneos;
			};
			name = Debug;
		};
		E33BB3B423EC70A600B06AA4 /* Release */ = {
			isa = XCBuildConfiguration;
			buildSettings = {
				ALWAYS_SEARCH_USER_PATHS = NO;
				CLANG_ANALYZER_NONNULL = YES;
				CLANG_ANALYZER_NUMBER_OBJECT_CONVERSION = YES_AGGRESSIVE;
				CLANG_CXX_LANGUAGE_STANDARD = "gnu++14";
				CLANG_CXX_LIBRARY = "libc++";
				CLANG_ENABLE_MODULES = YES;
				CLANG_ENABLE_OBJC_ARC = YES;
				CLANG_ENABLE_OBJC_WEAK = YES;
				CLANG_WARN_BLOCK_CAPTURE_AUTORELEASING = YES;
				CLANG_WARN_BOOL_CONVERSION = YES;
				CLANG_WARN_COMMA = YES;
				CLANG_WARN_CONSTANT_CONVERSION = YES;
				CLANG_WARN_DEPRECATED_OBJC_IMPLEMENTATIONS = YES;
				CLANG_WARN_DIRECT_OBJC_ISA_USAGE = YES_ERROR;
				CLANG_WARN_DOCUMENTATION_COMMENTS = YES;
				CLANG_WARN_EMPTY_BODY = YES;
				CLANG_WARN_ENUM_CONVERSION = YES;
				CLANG_WARN_INFINITE_RECURSION = YES;
				CLANG_WARN_INT_CONVERSION = YES;
				CLANG_WARN_NON_LITERAL_NULL_CONVERSION = YES;
				CLANG_WARN_OBJC_IMPLICIT_RETAIN_SELF = YES;
				CLANG_WARN_OBJC_LITERAL_CONVERSION = YES;
				CLANG_WARN_OBJC_ROOT_CLASS = YES_ERROR;
				CLANG_WARN_RANGE_LOOP_ANALYSIS = YES;
				CLANG_WARN_STRICT_PROTOTYPES = YES;
				CLANG_WARN_SUSPICIOUS_MOVE = YES;
				CLANG_WARN_UNGUARDED_AVAILABILITY = YES_AGGRESSIVE;
				CLANG_WARN_UNREACHABLE_CODE = YES;
				CLANG_WARN__DUPLICATE_METHOD_MATCH = YES;
				COPY_PHASE_STRIP = NO;
				DEBUG_INFORMATION_FORMAT = "dwarf-with-dsym";
				ENABLE_NS_ASSERTIONS = NO;
				ENABLE_STRICT_OBJC_MSGSEND = YES;
				GCC_C_LANGUAGE_STANDARD = gnu11;
				GCC_NO_COMMON_BLOCKS = YES;
				GCC_WARN_64_TO_32_BIT_CONVERSION = YES;
				GCC_WARN_ABOUT_RETURN_TYPE = YES_ERROR;
				GCC_WARN_UNDECLARED_SELECTOR = YES;
				GCC_WARN_UNINITIALIZED_AUTOS = YES_AGGRESSIVE;
				GCC_WARN_UNUSED_FUNCTION = YES;
				GCC_WARN_UNUSED_VARIABLE = YES;
				IPHONEOS_DEPLOYMENT_TARGET = 13.2;
				MTL_ENABLE_DEBUG_INFO = NO;
				MTL_FAST_MATH = YES;
				SDKROOT = iphoneos;
				VALIDATE_PRODUCT = YES;
			};
			name = Release;
		};
		E33BB3B623EC70A600B06AA4 /* Debug */ = {
			isa = XCBuildConfiguration;
			buildSettings = {
				ASSETCATALOG_COMPILER_APPICON_NAME = AppIcon;
				CODE_SIGN_STYLE = Automatic;
				DEVELOPMENT_TEAM = ZYPH2NW7MY;
				INFOPLIST_FILE = "RPN Calculator/Info.plist";
				LD_RUNPATH_SEARCH_PATHS = (
					"$(inherited)",
					"@executable_path/Frameworks",
				);
				PRODUCT_BUNDLE_IDENTIFIER = "com.vicishaweddy.RPN-Calculator";
				PRODUCT_NAME = "$(TARGET_NAME)";
				TARGETED_DEVICE_FAMILY = "1,2";
			};
			name = Debug;
		};
		E33BB3B723EC70A600B06AA4 /* Release */ = {
			isa = XCBuildConfiguration;
			buildSettings = {
				ASSETCATALOG_COMPILER_APPICON_NAME = AppIcon;
				CODE_SIGN_STYLE = Automatic;
				DEVELOPMENT_TEAM = ZYPH2NW7MY;
				INFOPLIST_FILE = "RPN Calculator/Info.plist";
				LD_RUNPATH_SEARCH_PATHS = (
					"$(inherited)",
					"@executable_path/Frameworks",
				);
				PRODUCT_BUNDLE_IDENTIFIER = "com.vicishaweddy.RPN-Calculator";
				PRODUCT_NAME = "$(TARGET_NAME)";
				TARGETED_DEVICE_FAMILY = "1,2";
			};
			name = Release;
		};
/* End XCBuildConfiguration section */

/* Begin XCConfigurationList section */
		E33BB39723EC70A500B06AA4 /* Build configuration list for PBXProject "RPN Calculator" */ = {
			isa = XCConfigurationList;
			buildConfigurations = (
				E33BB3B323EC70A600B06AA4 /* Debug */,
				E33BB3B423EC70A600B06AA4 /* Release */,
			);
			defaultConfigurationIsVisible = 0;
			defaultConfigurationName = Release;
		};
		E33BB3B523EC70A600B06AA4 /* Build configuration list for PBXNativeTarget "RPN Calculator" */ = {
			isa = XCConfigurationList;
			buildConfigurations = (
				E33BB3B623EC70A600B06AA4 /* Debug */,
				E33BB3B723EC70A600B06AA4 /* Release */,
			);
			defaultConfigurationIsVisible = 0;
			defaultConfigurationName = Release;
		};
/* End XCConfigurationList section */
	};
	rootObject = E33BB39423EC70A500B06AA4 /* Project object */;
}
