// !$*UTF8*$!
{
	archiveVersion = 1;
	classes = {
	};
	objectVersion = 50;
	objects = {

/* Begin PBXBuildFile section */
		9967736023D9FDC800C4BCE6 /* AppDelegate.m in Sources */ = {isa = PBXBuildFile; fileRef = 9967735F23D9FDC800C4BCE6 /* AppDelegate.m */; };
		9967736323D9FDC800C4BCE6 /* SceneDelegate.m in Sources */ = {isa = PBXBuildFile; fileRef = 9967736223D9FDC800C4BCE6 /* SceneDelegate.m */; };
		9967736923D9FDC800C4BCE6 /* Main.storyboard in Resources */ = {isa = PBXBuildFile; fileRef = 9967736723D9FDC800C4BCE6 /* Main.storyboard */; };
		9967736B23D9FDCB00C4BCE6 /* Assets.xcassets in Resources */ = {isa = PBXBuildFile; fileRef = 9967736A23D9FDCB00C4BCE6 /* Assets.xcassets */; };
		9967736E23D9FDCB00C4BCE6 /* LaunchScreen.storyboard in Resources */ = {isa = PBXBuildFile; fileRef = 9967736C23D9FDCB00C4BCE6 /* LaunchScreen.storyboard */; };
		9967737123D9FDCB00C4BCE6 /* main.m in Sources */ = {isa = PBXBuildFile; fileRef = 9967737023D9FDCB00C4BCE6 /* main.m */; };
		996773BB23DA381D00C4BCE6 /* JBCalculatorViewController.m in Sources */ = {isa = PBXBuildFile; fileRef = 996773BA23DA381D00C4BCE6 /* JBCalculatorViewController.m */; };
		996773BE23DA38D900C4BCE6 /* JBStack.m in Sources */ = {isa = PBXBuildFile; fileRef = 996773BD23DA38D900C4BCE6 /* JBStack.m */; };
		996773C123DA3BC200C4BCE6 /* JBCalculator.m in Sources */ = {isa = PBXBuildFile; fileRef = 996773C023DA3BC200C4BCE6 /* JBCalculator.m */; };
/* End PBXBuildFile section */

/* Begin PBXFileReference section */
		9967735B23D9FDC800C4BCE6 /* RPNCalculator.app */ = {isa = PBXFileReference; explicitFileType = wrapper.application; includeInIndex = 0; path = RPNCalculator.app; sourceTree = BUILT_PRODUCTS_DIR; };
		9967735E23D9FDC800C4BCE6 /* AppDelegate.h */ = {isa = PBXFileReference; lastKnownFileType = sourcecode.c.h; path = AppDelegate.h; sourceTree = "<group>"; };
		9967735F23D9FDC800C4BCE6 /* AppDelegate.m */ = {isa = PBXFileReference; lastKnownFileType = sourcecode.c.objc; path = AppDelegate.m; sourceTree = "<group>"; };
		9967736123D9FDC800C4BCE6 /* SceneDelegate.h */ = {isa = PBXFileReference; lastKnownFileType = sourcecode.c.h; path = SceneDelegate.h; sourceTree = "<group>"; };
		9967736223D9FDC800C4BCE6 /* SceneDelegate.m */ = {isa = PBXFileReference; lastKnownFileType = sourcecode.c.objc; path = SceneDelegate.m; sourceTree = "<group>"; };
		9967736823D9FDC800C4BCE6 /* Base */ = {isa = PBXFileReference; lastKnownFileType = file.storyboard; name = Base; path = Base.lproj/Main.storyboard; sourceTree = "<group>"; };
		9967736A23D9FDCB00C4BCE6 /* Assets.xcassets */ = {isa = PBXFileReference; lastKnownFileType = folder.assetcatalog; path = Assets.xcassets; sourceTree = "<group>"; };
		9967736D23D9FDCB00C4BCE6 /* Base */ = {isa = PBXFileReference; lastKnownFileType = file.storyboard; name = Base; path = Base.lproj/LaunchScreen.storyboard; sourceTree = "<group>"; };
		9967736F23D9FDCB00C4BCE6 /* Info.plist */ = {isa = PBXFileReference; lastKnownFileType = text.plist.xml; path = Info.plist; sourceTree = "<group>"; };
		9967737023D9FDCB00C4BCE6 /* main.m */ = {isa = PBXFileReference; lastKnownFileType = sourcecode.c.objc; path = main.m; sourceTree = "<group>"; };
		996773B923DA381D00C4BCE6 /* JBCalculatorViewController.h */ = {isa = PBXFileReference; lastKnownFileType = sourcecode.c.h; path = JBCalculatorViewController.h; sourceTree = "<group>"; };
		996773BA23DA381D00C4BCE6 /* JBCalculatorViewController.m */ = {isa = PBXFileReference; lastKnownFileType = sourcecode.c.objc; path = JBCalculatorViewController.m; sourceTree = "<group>"; };
		996773BC23DA38D900C4BCE6 /* JBStack.h */ = {isa = PBXFileReference; lastKnownFileType = sourcecode.c.h; path = JBStack.h; sourceTree = "<group>"; };
		996773BD23DA38D900C4BCE6 /* JBStack.m */ = {isa = PBXFileReference; lastKnownFileType = sourcecode.c.objc; path = JBStack.m; sourceTree = "<group>"; };
		996773BF23DA3BC200C4BCE6 /* JBCalculator.h */ = {isa = PBXFileReference; lastKnownFileType = sourcecode.c.h; path = JBCalculator.h; sourceTree = "<group>"; };
		996773C023DA3BC200C4BCE6 /* JBCalculator.m */ = {isa = PBXFileReference; lastKnownFileType = sourcecode.c.objc; path = JBCalculator.m; sourceTree = "<group>"; };
/* End PBXFileReference section */

/* Begin PBXFrameworksBuildPhase section */
		9967735823D9FDC800C4BCE6 /* Frameworks */ = {
			isa = PBXFrameworksBuildPhase;
			buildActionMask = 2147483647;
			files = (
			);
			runOnlyForDeploymentPostprocessing = 0;
		};
/* End PBXFrameworksBuildPhase section */

/* Begin PBXGroup section */
		9967735223D9FDC800C4BCE6 = {
			isa = PBXGroup;
			children = (
				9967735D23D9FDC800C4BCE6 /* RPNCalculator */,
				9967735C23D9FDC800C4BCE6 /* Products */,
			);
			sourceTree = "<group>";
		};
		9967735C23D9FDC800C4BCE6 /* Products */ = {
			isa = PBXGroup;
			children = (
				9967735B23D9FDC800C4BCE6 /* RPNCalculator.app */,
			);
			name = Products;
			sourceTree = "<group>";
		};
		9967735D23D9FDC800C4BCE6 /* RPNCalculator */ = {
			isa = PBXGroup;
			children = (
				996773B423DA303B00C4BCE6 /* Storyboards */,
				996773B323DA303500C4BCE6 /* Views */,
				996773B523DA304000C4BCE6 /* View Controllers */,
				996773B723DA304B00C4BCE6 /* Model Controllers */,
				996773B623DA304700C4BCE6 /* Models */,
				996773B223DA302E00C4BCE6 /* Application */,
			);
			path = RPNCalculator;
			sourceTree = "<group>";
		};
		996773B223DA302E00C4BCE6 /* Application */ = {
			isa = PBXGroup;
			children = (
				9967735E23D9FDC800C4BCE6 /* AppDelegate.h */,
				9967735F23D9FDC800C4BCE6 /* AppDelegate.m */,
				9967736123D9FDC800C4BCE6 /* SceneDelegate.h */,
				9967736223D9FDC800C4BCE6 /* SceneDelegate.m */,
				9967736A23D9FDCB00C4BCE6 /* Assets.xcassets */,
				9967736F23D9FDCB00C4BCE6 /* Info.plist */,
				9967737023D9FDCB00C4BCE6 /* main.m */,
			);
			path = Application;
			sourceTree = "<group>";
		};
		996773B323DA303500C4BCE6 /* Views */ = {
			isa = PBXGroup;
			children = (
			);
			path = Views;
			sourceTree = "<group>";
		};
		996773B423DA303B00C4BCE6 /* Storyboards */ = {
			isa = PBXGroup;
			children = (
				9967736723D9FDC800C4BCE6 /* Main.storyboard */,
				9967736C23D9FDCB00C4BCE6 /* LaunchScreen.storyboard */,
			);
			path = Storyboards;
			sourceTree = "<group>";
		};
		996773B523DA304000C4BCE6 /* View Controllers */ = {
			isa = PBXGroup;
			children = (
				996773B923DA381D00C4BCE6 /* JBCalculatorViewController.h */,
				996773BA23DA381D00C4BCE6 /* JBCalculatorViewController.m */,
			);
			path = "View Controllers";
			sourceTree = "<group>";
		};
		996773B623DA304700C4BCE6 /* Models */ = {
			isa = PBXGroup;
			children = (
				996773BC23DA38D900C4BCE6 /* JBStack.h */,
				996773BD23DA38D900C4BCE6 /* JBStack.m */,
				996773BF23DA3BC200C4BCE6 /* JBCalculator.h */,
				996773C023DA3BC200C4BCE6 /* JBCalculator.m */,
			);
			path = Models;
			sourceTree = "<group>";
		};
		996773B723DA304B00C4BCE6 /* Model Controllers */ = {
			isa = PBXGroup;
			children = (
			);
			path = "Model Controllers";
			sourceTree = "<group>";
		};
/* End PBXGroup section */

/* Begin PBXNativeTarget section */
		9967735A23D9FDC800C4BCE6 /* RPNCalculator */ = {
			isa = PBXNativeTarget;
			buildConfigurationList = 9967737423D9FDCB00C4BCE6 /* Build configuration list for PBXNativeTarget "RPNCalculator" */;
			buildPhases = (
				9967735723D9FDC800C4BCE6 /* Sources */,
				9967735823D9FDC800C4BCE6 /* Frameworks */,
				9967735923D9FDC800C4BCE6 /* Resources */,
			);
			buildRules = (
			);
			dependencies = (
			);
			name = RPNCalculator;
			productName = RPNCalculator;
			productReference = 9967735B23D9FDC800C4BCE6 /* RPNCalculator.app */;
			productType = "com.apple.product-type.application";
		};
/* End PBXNativeTarget section */

/* Begin PBXProject section */
		9967735323D9FDC800C4BCE6 /* Project object */ = {
			isa = PBXProject;
			attributes = {
				CLASSPREFIX = JB;
				LastUpgradeCheck = 1130;
				ORGANIZATIONNAME = "Jon Bash";
				TargetAttributes = {
					9967735A23D9FDC800C4BCE6 = {
						CreatedOnToolsVersion = 11.3.1;
					};
				};
			};
			buildConfigurationList = 9967735623D9FDC800C4BCE6 /* Build configuration list for PBXProject "RPNCalculator" */;
			compatibilityVersion = "Xcode 9.3";
			developmentRegion = en;
			hasScannedForEncodings = 0;
			knownRegions = (
				en,
				Base,
			);
			mainGroup = 9967735223D9FDC800C4BCE6;
			productRefGroup = 9967735C23D9FDC800C4BCE6 /* Products */;
			projectDirPath = "";
			projectRoot = "";
			targets = (
				9967735A23D9FDC800C4BCE6 /* RPNCalculator */,
			);
		};
/* End PBXProject section */

/* Begin PBXResourcesBuildPhase section */
		9967735923D9FDC800C4BCE6 /* Resources */ = {
			isa = PBXResourcesBuildPhase;
			buildActionMask = 2147483647;
			files = (
				9967736E23D9FDCB00C4BCE6 /* LaunchScreen.storyboard in Resources */,
				9967736B23D9FDCB00C4BCE6 /* Assets.xcassets in Resources */,
				9967736923D9FDC800C4BCE6 /* Main.storyboard in Resources */,
			);
			runOnlyForDeploymentPostprocessing = 0;
		};
/* End PBXResourcesBuildPhase section */

/* Begin PBXSourcesBuildPhase section */
		9967735723D9FDC800C4BCE6 /* Sources */ = {
			isa = PBXSourcesBuildPhase;
			buildActionMask = 2147483647;
			files = (
				996773BB23DA381D00C4BCE6 /* JBCalculatorViewController.m in Sources */,
				996773C123DA3BC200C4BCE6 /* JBCalculator.m in Sources */,
				9967736023D9FDC800C4BCE6 /* AppDelegate.m in Sources */,
				9967737123D9FDCB00C4BCE6 /* main.m in Sources */,
				996773BE23DA38D900C4BCE6 /* JBStack.m in Sources */,
				9967736323D9FDC800C4BCE6 /* SceneDelegate.m in Sources */,
			);
			runOnlyForDeploymentPostprocessing = 0;
		};
/* End PBXSourcesBuildPhase section */

/* Begin PBXVariantGroup section */
		9967736723D9FDC800C4BCE6 /* Main.storyboard */ = {
			isa = PBXVariantGroup;
			children = (
				9967736823D9FDC800C4BCE6 /* Base */,
			);
			name = Main.storyboard;
			sourceTree = "<group>";
		};
		9967736C23D9FDCB00C4BCE6 /* LaunchScreen.storyboard */ = {
			isa = PBXVariantGroup;
			children = (
				9967736D23D9FDCB00C4BCE6 /* Base */,
			);
			name = LaunchScreen.storyboard;
			sourceTree = "<group>";
		};
/* End PBXVariantGroup section */

/* Begin XCBuildConfiguration section */
		9967737223D9FDCB00C4BCE6 /* Debug */ = {
			isa = XCBuildConfiguration;
			buildSettings = {
				ALWAYS_SEARCH_USER_PATHS = NO;
				CLANG_ANALYZER_NONNULL = YES;
				CLANG_ANALYZER_NUMBER_OBJECT_CONVERSION = YES_AGGRESSIVE;
				CLANG_CXX_LANGUAGE_STANDARD = "gnu++14";
				CLANG_CXX_LIBRARY = "libc++";
				CLANG_ENABLE_MODULES = YES;
				CLANG_ENABLE_OBJC_ARC = YES;
				CLANG_ENABLE_OBJC_WEAK = YES;
				CLANG_WARN_BLOCK_CAPTURE_AUTORELEASING = YES;
				CLANG_WARN_BOOL_CONVERSION = YES;
				CLANG_WARN_COMMA = YES;
				CLANG_WARN_CONSTANT_CONVERSION = YES;
				CLANG_WARN_DEPRECATED_OBJC_IMPLEMENTATIONS = YES;
				CLANG_WARN_DIRECT_OBJC_ISA_USAGE = YES_ERROR;
				CLANG_WARN_DOCUMENTATION_COMMENTS = YES;
				CLANG_WARN_EMPTY_BODY = YES;
				CLANG_WARN_ENUM_CONVERSION = YES;
				CLANG_WARN_INFINITE_RECURSION = YES;
				CLANG_WARN_INT_CONVERSION = YES;
				CLANG_WARN_NON_LITERAL_NULL_CONVERSION = YES;
				CLANG_WARN_OBJC_IMPLICIT_RETAIN_SELF = YES;
				CLANG_WARN_OBJC_LITERAL_CONVERSION = YES;
				CLANG_WARN_OBJC_ROOT_CLASS = YES_ERROR;
				CLANG_WARN_RANGE_LOOP_ANALYSIS = YES;
				CLANG_WARN_STRICT_PROTOTYPES = YES;
				CLANG_WARN_SUSPICIOUS_MOVE = YES;
				CLANG_WARN_UNGUARDED_AVAILABILITY = YES_AGGRESSIVE;
				CLANG_WARN_UNREACHABLE_CODE = YES;
				CLANG_WARN__DUPLICATE_METHOD_MATCH = YES;
				COPY_PHASE_STRIP = NO;
				DEBUG_INFORMATION_FORMAT = dwarf;
				ENABLE_STRICT_OBJC_MSGSEND = YES;
				ENABLE_TESTABILITY = YES;
				GCC_C_LANGUAGE_STANDARD = gnu11;
				GCC_DYNAMIC_NO_PIC = NO;
				GCC_NO_COMMON_BLOCKS = YES;
				GCC_OPTIMIZATION_LEVEL = 0;
				GCC_PREPROCESSOR_DEFINITIONS = (
					"DEBUG=1",
					"$(inherited)",
				);
				GCC_WARN_64_TO_32_BIT_CONVERSION = YES;
				GCC_WARN_ABOUT_RETURN_TYPE = YES_ERROR;
				GCC_WARN_UNDECLARED_SELECTOR = YES;
				GCC_WARN_UNINITIALIZED_AUTOS = YES_AGGRESSIVE;
				GCC_WARN_UNUSED_FUNCTION = YES;
				GCC_WARN_UNUSED_VARIABLE = YES;
				IPHONEOS_DEPLOYMENT_TARGET = 13.2;
				MTL_ENABLE_DEBUG_INFO = INCLUDE_SOURCE;
				MTL_FAST_MATH = YES;
				ONLY_ACTIVE_ARCH = YES;
				SDKROOT = iphoneos;
			};
			name = Debug;
		};
		9967737323D9FDCB00C4BCE6 /* Release */ = {
			isa = XCBuildConfiguration;
			buildSettings = {
				ALWAYS_SEARCH_USER_PATHS = NO;
				CLANG_ANALYZER_NONNULL = YES;
				CLANG_ANALYZER_NUMBER_OBJECT_CONVERSION = YES_AGGRESSIVE;
				CLANG_CXX_LANGUAGE_STANDARD = "gnu++14";
				CLANG_CXX_LIBRARY = "libc++";
				CLANG_ENABLE_MODULES = YES;
				CLANG_ENABLE_OBJC_ARC = YES;
				CLANG_ENABLE_OBJC_WEAK = YES;
				CLANG_WARN_BLOCK_CAPTURE_AUTORELEASING = YES;
				CLANG_WARN_BOOL_CONVERSION = YES;
				CLANG_WARN_COMMA = YES;
				CLANG_WARN_CONSTANT_CONVERSION = YES;
				CLANG_WARN_DEPRECATED_OBJC_IMPLEMENTATIONS = YES;
				CLANG_WARN_DIRECT_OBJC_ISA_USAGE = YES_ERROR;
				CLANG_WARN_DOCUMENTATION_COMMENTS = YES;
				CLANG_WARN_EMPTY_BODY = YES;
				CLANG_WARN_ENUM_CONVERSION = YES;
				CLANG_WARN_INFINITE_RECURSION = YES;
				CLANG_WARN_INT_CONVERSION = YES;
				CLANG_WARN_NON_LITERAL_NULL_CONVERSION = YES;
				CLANG_WARN_OBJC_IMPLICIT_RETAIN_SELF = YES;
				CLANG_WARN_OBJC_LITERAL_CONVERSION = YES;
				CLANG_WARN_OBJC_ROOT_CLASS = YES_ERROR;
				CLANG_WARN_RANGE_LOOP_ANALYSIS = YES;
				CLANG_WARN_STRICT_PROTOTYPES = YES;
				CLANG_WARN_SUSPICIOUS_MOVE = YES;
				CLANG_WARN_UNGUARDED_AVAILABILITY = YES_AGGRESSIVE;
				CLANG_WARN_UNREACHABLE_CODE = YES;
				CLANG_WARN__DUPLICATE_METHOD_MATCH = YES;
				COPY_PHASE_STRIP = NO;
				DEBUG_INFORMATION_FORMAT = "dwarf-with-dsym";
				ENABLE_NS_ASSERTIONS = NO;
				ENABLE_STRICT_OBJC_MSGSEND = YES;
				GCC_C_LANGUAGE_STANDARD = gnu11;
				GCC_NO_COMMON_BLOCKS = YES;
				GCC_WARN_64_TO_32_BIT_CONVERSION = YES;
				GCC_WARN_ABOUT_RETURN_TYPE = YES_ERROR;
				GCC_WARN_UNDECLARED_SELECTOR = YES;
				GCC_WARN_UNINITIALIZED_AUTOS = YES_AGGRESSIVE;
				GCC_WARN_UNUSED_FUNCTION = YES;
				GCC_WARN_UNUSED_VARIABLE = YES;
				IPHONEOS_DEPLOYMENT_TARGET = 13.2;
				MTL_ENABLE_DEBUG_INFO = NO;
				MTL_FAST_MATH = YES;
				SDKROOT = iphoneos;
				VALIDATE_PRODUCT = YES;
			};
			name = Release;
		};
		9967737523D9FDCB00C4BCE6 /* Debug */ = {
			isa = XCBuildConfiguration;
			buildSettings = {
				ASSETCATALOG_COMPILER_APPICON_NAME = AppIcon;
				CODE_SIGN_STYLE = Automatic;
				DEVELOPMENT_TEAM = 22X3GA956P;
				INFOPLIST_FILE = RPNCalculator/Application/Info.plist;
				LD_RUNPATH_SEARCH_PATHS = (
					"$(inherited)",
					"@executable_path/Frameworks",
				);
				PRODUCT_BUNDLE_IDENTIFIER = com.jonbash.RPNCalculator;
				PRODUCT_NAME = "$(TARGET_NAME)";
				TARGETED_DEVICE_FAMILY = "1,2";
			};
			name = Debug;
		};
		9967737623D9FDCB00C4BCE6 /* Release */ = {
			isa = XCBuildConfiguration;
			buildSettings = {
				ASSETCATALOG_COMPILER_APPICON_NAME = AppIcon;
				CODE_SIGN_STYLE = Automatic;
				DEVELOPMENT_TEAM = 22X3GA956P;
				INFOPLIST_FILE = RPNCalculator/Application/Info.plist;
				LD_RUNPATH_SEARCH_PATHS = (
					"$(inherited)",
					"@executable_path/Frameworks",
				);
				PRODUCT_BUNDLE_IDENTIFIER = com.jonbash.RPNCalculator;
				PRODUCT_NAME = "$(TARGET_NAME)";
				TARGETED_DEVICE_FAMILY = "1,2";
			};
			name = Release;
		};
/* End XCBuildConfiguration section */

/* Begin XCConfigurationList section */
		9967735623D9FDC800C4BCE6 /* Build configuration list for PBXProject "RPNCalculator" */ = {
			isa = XCConfigurationList;
			buildConfigurations = (
				9967737223D9FDCB00C4BCE6 /* Debug */,
				9967737323D9FDCB00C4BCE6 /* Release */,
			);
			defaultConfigurationIsVisible = 0;
			defaultConfigurationName = Release;
		};
		9967737423D9FDCB00C4BCE6 /* Build configuration list for PBXNativeTarget "RPNCalculator" */ = {
			isa = XCConfigurationList;
			buildConfigurations = (
				9967737523D9FDCB00C4BCE6 /* Debug */,
				9967737623D9FDCB00C4BCE6 /* Release */,
			);
			defaultConfigurationIsVisible = 0;
			defaultConfigurationName = Release;
		};
/* End XCConfigurationList section */
	};
	rootObject = 9967735323D9FDC800C4BCE6 /* Project object */;
}
