// !$*UTF8*$!
{
	archiveVersion = 1;
	classes = {
	};
	objectVersion = 50;
	objects = {

/* Begin PBXBuildFile section */
		A639F29E23A2D953000B9A59 /* AppDelegate.m in Sources */ = {isa = PBXBuildFile; fileRef = A639F29D23A2D953000B9A59 /* AppDelegate.m */; };
		A639F2A123A2D953000B9A59 /* SceneDelegate.m in Sources */ = {isa = PBXBuildFile; fileRef = A639F2A023A2D953000B9A59 /* SceneDelegate.m */; };
		A639F2A723A2D953000B9A59 /* Main.storyboard in Resources */ = {isa = PBXBuildFile; fileRef = A639F2A523A2D953000B9A59 /* Main.storyboard */; };
		A639F2A923A2D954000B9A59 /* Assets.xcassets in Resources */ = {isa = PBXBuildFile; fileRef = A639F2A823A2D954000B9A59 /* Assets.xcassets */; };
		A639F2AC23A2D954000B9A59 /* LaunchScreen.storyboard in Resources */ = {isa = PBXBuildFile; fileRef = A639F2AA23A2D954000B9A59 /* LaunchScreen.storyboard */; };
		A639F2AF23A2D954000B9A59 /* main.m in Sources */ = {isa = PBXBuildFile; fileRef = A639F2AE23A2D954000B9A59 /* main.m */; };
		A639F2B723A2DC7D000B9A59 /* GIPStack.m in Sources */ = {isa = PBXBuildFile; fileRef = A639F2B623A2DC7D000B9A59 /* GIPStack.m */; };
		A639F2BA23A2E9E1000B9A59 /* GIPCalculator.m in Sources */ = {isa = PBXBuildFile; fileRef = A639F2B923A2E9E1000B9A59 /* GIPCalculator.m */; };
		A639F2BD23A2F296000B9A59 /* GIPDigitAccumulator.m in Sources */ = {isa = PBXBuildFile; fileRef = A639F2BC23A2F296000B9A59 /* GIPDigitAccumulator.m */; };
		A639F2C023A2F809000B9A59 /* GIPCalculatorViewController.m in Sources */ = {isa = PBXBuildFile; fileRef = A639F2BF23A2F809000B9A59 /* GIPCalculatorViewController.m */; };
/* End PBXBuildFile section */

/* Begin PBXFileReference section */
		A639F29923A2D953000B9A59 /* RPNCalculator-objc.app */ = {isa = PBXFileReference; explicitFileType = wrapper.application; includeInIndex = 0; path = "RPNCalculator-objc.app"; sourceTree = BUILT_PRODUCTS_DIR; };
		A639F29C23A2D953000B9A59 /* AppDelegate.h */ = {isa = PBXFileReference; lastKnownFileType = sourcecode.c.h; path = AppDelegate.h; sourceTree = "<group>"; };
		A639F29D23A2D953000B9A59 /* AppDelegate.m */ = {isa = PBXFileReference; lastKnownFileType = sourcecode.c.objc; path = AppDelegate.m; sourceTree = "<group>"; };
		A639F29F23A2D953000B9A59 /* SceneDelegate.h */ = {isa = PBXFileReference; lastKnownFileType = sourcecode.c.h; path = SceneDelegate.h; sourceTree = "<group>"; };
		A639F2A023A2D953000B9A59 /* SceneDelegate.m */ = {isa = PBXFileReference; lastKnownFileType = sourcecode.c.objc; path = SceneDelegate.m; sourceTree = "<group>"; };
		A639F2A623A2D953000B9A59 /* Base */ = {isa = PBXFileReference; lastKnownFileType = file.storyboard; name = Base; path = Base.lproj/Main.storyboard; sourceTree = "<group>"; };
		A639F2A823A2D954000B9A59 /* Assets.xcassets */ = {isa = PBXFileReference; lastKnownFileType = folder.assetcatalog; path = Assets.xcassets; sourceTree = "<group>"; };
		A639F2AB23A2D954000B9A59 /* Base */ = {isa = PBXFileReference; lastKnownFileType = file.storyboard; name = Base; path = Base.lproj/LaunchScreen.storyboard; sourceTree = "<group>"; };
		A639F2AD23A2D954000B9A59 /* Info.plist */ = {isa = PBXFileReference; lastKnownFileType = text.plist.xml; path = Info.plist; sourceTree = "<group>"; };
		A639F2AE23A2D954000B9A59 /* main.m */ = {isa = PBXFileReference; lastKnownFileType = sourcecode.c.objc; path = main.m; sourceTree = "<group>"; };
		A639F2B523A2DC7D000B9A59 /* GIPStack.h */ = {isa = PBXFileReference; lastKnownFileType = sourcecode.c.h; path = GIPStack.h; sourceTree = "<group>"; };
		A639F2B623A2DC7D000B9A59 /* GIPStack.m */ = {isa = PBXFileReference; lastKnownFileType = sourcecode.c.objc; path = GIPStack.m; sourceTree = "<group>"; };
		A639F2B823A2E9E1000B9A59 /* GIPCalculator.h */ = {isa = PBXFileReference; lastKnownFileType = sourcecode.c.h; path = GIPCalculator.h; sourceTree = "<group>"; };
		A639F2B923A2E9E1000B9A59 /* GIPCalculator.m */ = {isa = PBXFileReference; lastKnownFileType = sourcecode.c.objc; path = GIPCalculator.m; sourceTree = "<group>"; };
		A639F2BB23A2F296000B9A59 /* GIPDigitAccumulator.h */ = {isa = PBXFileReference; lastKnownFileType = sourcecode.c.h; path = GIPDigitAccumulator.h; sourceTree = "<group>"; };
		A639F2BC23A2F296000B9A59 /* GIPDigitAccumulator.m */ = {isa = PBXFileReference; lastKnownFileType = sourcecode.c.objc; path = GIPDigitAccumulator.m; sourceTree = "<group>"; };
		A639F2BE23A2F809000B9A59 /* GIPCalculatorViewController.h */ = {isa = PBXFileReference; lastKnownFileType = sourcecode.c.h; path = GIPCalculatorViewController.h; sourceTree = "<group>"; };
		A639F2BF23A2F809000B9A59 /* GIPCalculatorViewController.m */ = {isa = PBXFileReference; lastKnownFileType = sourcecode.c.objc; path = GIPCalculatorViewController.m; sourceTree = "<group>"; };
/* End PBXFileReference section */

/* Begin PBXFrameworksBuildPhase section */
		A639F29623A2D953000B9A59 /* Frameworks */ = {
			isa = PBXFrameworksBuildPhase;
			buildActionMask = 2147483647;
			files = (
			);
			runOnlyForDeploymentPostprocessing = 0;
		};
/* End PBXFrameworksBuildPhase section */

/* Begin PBXGroup section */
		A639F29023A2D953000B9A59 = {
			isa = PBXGroup;
			children = (
				A639F29B23A2D953000B9A59 /* RPNCalculator-objc */,
				A639F29A23A2D953000B9A59 /* Products */,
			);
			sourceTree = "<group>";
		};
		A639F29A23A2D953000B9A59 /* Products */ = {
			isa = PBXGroup;
			children = (
				A639F29923A2D953000B9A59 /* RPNCalculator-objc.app */,
			);
			name = Products;
			sourceTree = "<group>";
		};
		A639F29B23A2D953000B9A59 /* RPNCalculator-objc */ = {
			isa = PBXGroup;
			children = (
				A639F29C23A2D953000B9A59 /* AppDelegate.h */,
				A639F29D23A2D953000B9A59 /* AppDelegate.m */,
				A639F29F23A2D953000B9A59 /* SceneDelegate.h */,
				A639F2A023A2D953000B9A59 /* SceneDelegate.m */,
				A639F2A523A2D953000B9A59 /* Main.storyboard */,
				A639F2A823A2D954000B9A59 /* Assets.xcassets */,
				A639F2AA23A2D954000B9A59 /* LaunchScreen.storyboard */,
				A639F2AD23A2D954000B9A59 /* Info.plist */,
				A639F2AE23A2D954000B9A59 /* main.m */,
				A639F2B523A2DC7D000B9A59 /* GIPStack.h */,
				A639F2B623A2DC7D000B9A59 /* GIPStack.m */,
				A639F2B823A2E9E1000B9A59 /* GIPCalculator.h */,
				A639F2B923A2E9E1000B9A59 /* GIPCalculator.m */,
				A639F2BB23A2F296000B9A59 /* GIPDigitAccumulator.h */,
				A639F2BC23A2F296000B9A59 /* GIPDigitAccumulator.m */,
				A639F2BE23A2F809000B9A59 /* GIPCalculatorViewController.h */,
				A639F2BF23A2F809000B9A59 /* GIPCalculatorViewController.m */,
			);
			path = "RPNCalculator-objc";
			sourceTree = "<group>";
		};
/* End PBXGroup section */

/* Begin PBXNativeTarget section */
		A639F29823A2D953000B9A59 /* RPNCalculator-objc */ = {
			isa = PBXNativeTarget;
			buildConfigurationList = A639F2B223A2D954000B9A59 /* Build configuration list for PBXNativeTarget "RPNCalculator-objc" */;
			buildPhases = (
				A639F29523A2D953000B9A59 /* Sources */,
				A639F29623A2D953000B9A59 /* Frameworks */,
				A639F29723A2D953000B9A59 /* Resources */,
			);
			buildRules = (
			);
			dependencies = (
			);
			name = "RPNCalculator-objc";
			productName = "RPNCalculator-objc";
			productReference = A639F29923A2D953000B9A59 /* RPNCalculator-objc.app */;
			productType = "com.apple.product-type.application";
		};
/* End PBXNativeTarget section */

/* Begin PBXProject section */
		A639F29123A2D953000B9A59 /* Project object */ = {
			isa = PBXProject;
			attributes = {
				CLASSPREFIX = GIP;
				LastUpgradeCheck = 1130;
				ORGANIZATIONNAME = "GIPGIP Studio";
				TargetAttributes = {
					A639F29823A2D953000B9A59 = {
						CreatedOnToolsVersion = 11.3;
					};
				};
			};
			buildConfigurationList = A639F29423A2D953000B9A59 /* Build configuration list for PBXProject "RPNCalculator-objc" */;
			compatibilityVersion = "Xcode 9.3";
			developmentRegion = en;
			hasScannedForEncodings = 0;
			knownRegions = (
				en,
				Base,
			);
			mainGroup = A639F29023A2D953000B9A59;
			productRefGroup = A639F29A23A2D953000B9A59 /* Products */;
			projectDirPath = "";
			projectRoot = "";
			targets = (
				A639F29823A2D953000B9A59 /* RPNCalculator-objc */,
			);
		};
/* End PBXProject section */

/* Begin PBXResourcesBuildPhase section */
		A639F29723A2D953000B9A59 /* Resources */ = {
			isa = PBXResourcesBuildPhase;
			buildActionMask = 2147483647;
			files = (
				A639F2AC23A2D954000B9A59 /* LaunchScreen.storyboard in Resources */,
				A639F2A923A2D954000B9A59 /* Assets.xcassets in Resources */,
				A639F2A723A2D953000B9A59 /* Main.storyboard in Resources */,
			);
			runOnlyForDeploymentPostprocessing = 0;
		};
/* End PBXResourcesBuildPhase section */

/* Begin PBXSourcesBuildPhase section */
		A639F29523A2D953000B9A59 /* Sources */ = {
			isa = PBXSourcesBuildPhase;
			buildActionMask = 2147483647;
			files = (
				A639F29E23A2D953000B9A59 /* AppDelegate.m in Sources */,
				A639F2BD23A2F296000B9A59 /* GIPDigitAccumulator.m in Sources */,
				A639F2BA23A2E9E1000B9A59 /* GIPCalculator.m in Sources */,
				A639F2AF23A2D954000B9A59 /* main.m in Sources */,
				A639F2C023A2F809000B9A59 /* GIPCalculatorViewController.m in Sources */,
				A639F2A123A2D953000B9A59 /* SceneDelegate.m in Sources */,
				A639F2B723A2DC7D000B9A59 /* GIPStack.m in Sources */,
			);
			runOnlyForDeploymentPostprocessing = 0;
		};
/* End PBXSourcesBuildPhase section */

/* Begin PBXVariantGroup section */
		A639F2A523A2D953000B9A59 /* Main.storyboard */ = {
			isa = PBXVariantGroup;
			children = (
				A639F2A623A2D953000B9A59 /* Base */,
			);
			name = Main.storyboard;
			sourceTree = "<group>";
		};
		A639F2AA23A2D954000B9A59 /* LaunchScreen.storyboard */ = {
			isa = PBXVariantGroup;
			children = (
				A639F2AB23A2D954000B9A59 /* Base */,
			);
			name = LaunchScreen.storyboard;
			sourceTree = "<group>";
		};
/* End PBXVariantGroup section */

/* Begin XCBuildConfiguration section */
		A639F2B023A2D954000B9A59 /* Debug */ = {
			isa = XCBuildConfiguration;
			buildSettings = {
				ALWAYS_SEARCH_USER_PATHS = NO;
				CLANG_ANALYZER_NONNULL = YES;
				CLANG_ANALYZER_NUMBER_OBJECT_CONVERSION = YES_AGGRESSIVE;
				CLANG_CXX_LANGUAGE_STANDARD = "gnu++14";
				CLANG_CXX_LIBRARY = "libc++";
				CLANG_ENABLE_MODULES = YES;
				CLANG_ENABLE_OBJC_ARC = YES;
				CLANG_ENABLE_OBJC_WEAK = YES;
				CLANG_WARN_BLOCK_CAPTURE_AUTORELEASING = YES;
				CLANG_WARN_BOOL_CONVERSION = YES;
				CLANG_WARN_COMMA = YES;
				CLANG_WARN_CONSTANT_CONVERSION = YES;
				CLANG_WARN_DEPRECATED_OBJC_IMPLEMENTATIONS = YES;
				CLANG_WARN_DIRECT_OBJC_ISA_USAGE = YES_ERROR;
				CLANG_WARN_DOCUMENTATION_COMMENTS = YES;
				CLANG_WARN_EMPTY_BODY = YES;
				CLANG_WARN_ENUM_CONVERSION = YES;
				CLANG_WARN_INFINITE_RECURSION = YES;
				CLANG_WARN_INT_CONVERSION = YES;
				CLANG_WARN_NON_LITERAL_NULL_CONVERSION = YES;
				CLANG_WARN_OBJC_IMPLICIT_RETAIN_SELF = YES;
				CLANG_WARN_OBJC_LITERAL_CONVERSION = YES;
				CLANG_WARN_OBJC_ROOT_CLASS = YES_ERROR;
				CLANG_WARN_RANGE_LOOP_ANALYSIS = YES;
				CLANG_WARN_STRICT_PROTOTYPES = YES;
				CLANG_WARN_SUSPICIOUS_MOVE = YES;
				CLANG_WARN_UNGUARDED_AVAILABILITY = YES_AGGRESSIVE;
				CLANG_WARN_UNREACHABLE_CODE = YES;
				CLANG_WARN__DUPLICATE_METHOD_MATCH = YES;
				COPY_PHASE_STRIP = NO;
				DEBUG_INFORMATION_FORMAT = dwarf;
				ENABLE_STRICT_OBJC_MSGSEND = YES;
				ENABLE_TESTABILITY = YES;
				GCC_C_LANGUAGE_STANDARD = gnu11;
				GCC_DYNAMIC_NO_PIC = NO;
				GCC_NO_COMMON_BLOCKS = YES;
				GCC_OPTIMIZATION_LEVEL = 0;
				GCC_PREPROCESSOR_DEFINITIONS = (
					"DEBUG=1",
					"$(inherited)",
				);
				GCC_WARN_64_TO_32_BIT_CONVERSION = YES;
				GCC_WARN_ABOUT_RETURN_TYPE = YES_ERROR;
				GCC_WARN_UNDECLARED_SELECTOR = YES;
				GCC_WARN_UNINITIALIZED_AUTOS = YES_AGGRESSIVE;
				GCC_WARN_UNUSED_FUNCTION = YES;
				GCC_WARN_UNUSED_VARIABLE = YES;
				IPHONEOS_DEPLOYMENT_TARGET = 13.2;
				MTL_ENABLE_DEBUG_INFO = INCLUDE_SOURCE;
				MTL_FAST_MATH = YES;
				ONLY_ACTIVE_ARCH = YES;
				SDKROOT = iphoneos;
			};
			name = Debug;
		};
		A639F2B123A2D954000B9A59 /* Release */ = {
			isa = XCBuildConfiguration;
			buildSettings = {
				ALWAYS_SEARCH_USER_PATHS = NO;
				CLANG_ANALYZER_NONNULL = YES;
				CLANG_ANALYZER_NUMBER_OBJECT_CONVERSION = YES_AGGRESSIVE;
				CLANG_CXX_LANGUAGE_STANDARD = "gnu++14";
				CLANG_CXX_LIBRARY = "libc++";
				CLANG_ENABLE_MODULES = YES;
				CLANG_ENABLE_OBJC_ARC = YES;
				CLANG_ENABLE_OBJC_WEAK = YES;
				CLANG_WARN_BLOCK_CAPTURE_AUTORELEASING = YES;
				CLANG_WARN_BOOL_CONVERSION = YES;
				CLANG_WARN_COMMA = YES;
				CLANG_WARN_CONSTANT_CONVERSION = YES;
				CLANG_WARN_DEPRECATED_OBJC_IMPLEMENTATIONS = YES;
				CLANG_WARN_DIRECT_OBJC_ISA_USAGE = YES_ERROR;
				CLANG_WARN_DOCUMENTATION_COMMENTS = YES;
				CLANG_WARN_EMPTY_BODY = YES;
				CLANG_WARN_ENUM_CONVERSION = YES;
				CLANG_WARN_INFINITE_RECURSION = YES;
				CLANG_WARN_INT_CONVERSION = YES;
				CLANG_WARN_NON_LITERAL_NULL_CONVERSION = YES;
				CLANG_WARN_OBJC_IMPLICIT_RETAIN_SELF = YES;
				CLANG_WARN_OBJC_LITERAL_CONVERSION = YES;
				CLANG_WARN_OBJC_ROOT_CLASS = YES_ERROR;
				CLANG_WARN_RANGE_LOOP_ANALYSIS = YES;
				CLANG_WARN_STRICT_PROTOTYPES = YES;
				CLANG_WARN_SUSPICIOUS_MOVE = YES;
				CLANG_WARN_UNGUARDED_AVAILABILITY = YES_AGGRESSIVE;
				CLANG_WARN_UNREACHABLE_CODE = YES;
				CLANG_WARN__DUPLICATE_METHOD_MATCH = YES;
				COPY_PHASE_STRIP = NO;
				DEBUG_INFORMATION_FORMAT = "dwarf-with-dsym";
				ENABLE_NS_ASSERTIONS = NO;
				ENABLE_STRICT_OBJC_MSGSEND = YES;
				GCC_C_LANGUAGE_STANDARD = gnu11;
				GCC_NO_COMMON_BLOCKS = YES;
				GCC_WARN_64_TO_32_BIT_CONVERSION = YES;
				GCC_WARN_ABOUT_RETURN_TYPE = YES_ERROR;
				GCC_WARN_UNDECLARED_SELECTOR = YES;
				GCC_WARN_UNINITIALIZED_AUTOS = YES_AGGRESSIVE;
				GCC_WARN_UNUSED_FUNCTION = YES;
				GCC_WARN_UNUSED_VARIABLE = YES;
				IPHONEOS_DEPLOYMENT_TARGET = 13.2;
				MTL_ENABLE_DEBUG_INFO = NO;
				MTL_FAST_MATH = YES;
				SDKROOT = iphoneos;
				VALIDATE_PRODUCT = YES;
			};
			name = Release;
		};
		A639F2B323A2D954000B9A59 /* Debug */ = {
			isa = XCBuildConfiguration;
			buildSettings = {
				ASSETCATALOG_COMPILER_APPICON_NAME = AppIcon;
				CODE_SIGN_STYLE = Automatic;
				DEVELOPMENT_TEAM = FLZ8CLXX64;
				INFOPLIST_FILE = "RPNCalculator-objc/Info.plist";
				LD_RUNPATH_SEARCH_PATHS = (
					"$(inherited)",
					"@executable_path/Frameworks",
				);
				PRODUCT_BUNDLE_IDENTIFIER = "com.GIPGIP.RPNCalculator-objc";
				PRODUCT_NAME = "$(TARGET_NAME)";
				TARGETED_DEVICE_FAMILY = "1,2";
			};
			name = Debug;
		};
		A639F2B423A2D954000B9A59 /* Release */ = {
			isa = XCBuildConfiguration;
			buildSettings = {
				ASSETCATALOG_COMPILER_APPICON_NAME = AppIcon;
				CODE_SIGN_STYLE = Automatic;
				DEVELOPMENT_TEAM = FLZ8CLXX64;
				INFOPLIST_FILE = "RPNCalculator-objc/Info.plist";
				LD_RUNPATH_SEARCH_PATHS = (
					"$(inherited)",
					"@executable_path/Frameworks",
				);
				PRODUCT_BUNDLE_IDENTIFIER = "com.GIPGIP.RPNCalculator-objc";
				PRODUCT_NAME = "$(TARGET_NAME)";
				TARGETED_DEVICE_FAMILY = "1,2";
			};
			name = Release;
		};
/* End XCBuildConfiguration section */

/* Begin XCConfigurationList section */
		A639F29423A2D953000B9A59 /* Build configuration list for PBXProject "RPNCalculator-objc" */ = {
			isa = XCConfigurationList;
			buildConfigurations = (
				A639F2B023A2D954000B9A59 /* Debug */,
				A639F2B123A2D954000B9A59 /* Release */,
			);
			defaultConfigurationIsVisible = 0;
			defaultConfigurationName = Release;
		};
		A639F2B223A2D954000B9A59 /* Build configuration list for PBXNativeTarget "RPNCalculator-objc" */ = {
			isa = XCConfigurationList;
			buildConfigurations = (
				A639F2B323A2D954000B9A59 /* Debug */,
				A639F2B423A2D954000B9A59 /* Release */,
			);
			defaultConfigurationIsVisible = 0;
			defaultConfigurationName = Release;
		};
/* End XCConfigurationList section */
	};
	rootObject = A639F29123A2D953000B9A59 /* Project object */;
}
